
Microsoft Visual Studio Solution File, Format Version 12.00
# Visual Studio Version 17
VisualStudioVersion = 17.2.32505.173
MinimumVisualStudioVersion = 10.0.40219.1
Project("{FAE04EC0-301F-11D3-BF4B-00C04F79EFBC}") = "LeetCode.Test", "LeetCode.Test\LeetCode.Test.csproj", "{EE38C372-61CE-4EAC-AAD9-D57C7B4943F2}"
EndProject
Global
	GlobalSection(SolutionConfigurationPlatforms) = preSolution
		Debug|Any CPU = Debug|Any CPU
		Release|Any CPU = Release|Any CPU
	EndGlobalSection
	GlobalSection(ProjectConfigurationPlatforms) = postSolution
		{EE38C372-61CE-4EAC-AAD9-D57C7B4943F2}.Debug|Any CPU.ActiveCfg = Debug|Any CPU
		{EE38C372-61CE-4EAC-AAD9-D57C7B4943F2}.Debug|Any CPU.Build.0 = Debug|Any CPU
		{EE38C372-61CE-4EAC-AAD9-D57C7B4943F2}.Release|Any CPU.ActiveCfg = Release|Any CPU
		{EE38C372-61CE-4EAC-AAD9-D57C7B4943F2}.Release|Any CPU.Build.0 = Release|Any CPU
	EndGlobalSection
	GlobalSection(SolutionProperties) = preSolution
		HideSolutionNode = FALSE
	EndGlobalSection
	GlobalSection(ExtensibilityGlobals) = postSolution
		SolutionGuid = {2E656C6A-F200-462A-A539-70174EEC863F}
	EndGlobalSection
EndGlobal
